{
  "name": "pvoptimizer",
  "version": "1.0.0",
  "lockfileVersion": 1,
  "requires": true,
  "dependencies": {
    "@azure/abort-controller": {
      "version": "1.0.4",
      "resolved": "http://repo.bison-group.com:80/artifactory/api/npm/npm-cache/@azure/abort-controller/-/abort-controller-1.0.4.tgz",
      "integrity": "sha1-/TxNRsjtZ6rOQkmMjiJwlgJQ6v0=",
      "requires": {
        "tslib": "^2.0.0"
      }
    },
    "@azure/ai-anomaly-detector": {
      "version": "3.0.0-beta.3",
      "resolved": "http://repo.bison-group.com:80/artifactory/api/npm/npm-cache/@azure/ai-anomaly-detector/-/ai-anomaly-detector-3.0.0-beta.3.tgz",
      "integrity": "sha1-6qjhJ8rcL1yBCsyRafRap+u88+E=",
      "requires": {
        "@azure/core-auth": "^1.3.0",
        "@azure/core-http": "^1.2.0",
        "@azure/core-paging": "^1.1.1",
        "@azure/core-tracing": "1.0.0-preview.11",
        "@azure/logger": "^1.0.0",
        "tslib": "^2.0.0"
      }
    },
    "@azure/core-asynciterator-polyfill": {
      "version": "1.0.0",
      "resolved": "http://repo.bison-group.com:80/artifactory/api/npm/npm-cache/@azure/core-asynciterator-polyfill/-/core-asynciterator-polyfill-1.0.0.tgz",
      "integrity": "sha1-3MzruIQG5cduDh1S6MxMQ6aLPuc="
    },
    "@azure/core-auth": {
      "version": "1.3.2",
      "resolved": "http://repo.bison-group.com:80/artifactory/api/npm/npm-cache/@azure/core-auth/-/core-auth-1.3.2.tgz",
      "integrity": "sha1-aiwkhXbCbfNl9seIHKBLf20I49A=",
      "requires": {
        "@azure/abort-controller": "^1.0.0",
        "tslib": "^2.2.0"
      }
    },
    "@azure/core-http": {
      "version": "1.2.6",
      "resolved": "http://repo.bison-group.com:80/artifactory/api/npm/npm-cache/@azure/core-http/-/core-http-1.2.6.tgz",
      "integrity": "sha1-nNUIQYVy0gYv0xdSdCGUOHcr22U=",
      "requires": {
        "@azure/abort-controller": "^1.0.0",
        "@azure/core-asynciterator-polyfill": "^1.0.0",
        "@azure/core-auth": "^1.3.0",
        "@azure/core-tracing": "1.0.0-preview.11",
        "@azure/logger": "^1.0.0",
        "@types/node-fetch": "^2.5.0",
        "@types/tunnel": "^0.0.1",
        "form-data": "^3.0.0",
        "node-fetch": "^2.6.0",
        "process": "^0.11.10",
        "tough-cookie": "^4.0.0",
        "tslib": "^2.2.0",
        "tunnel": "^0.0.6",
        "uuid": "^8.3.0",
        "xml2js": "^0.4.19"
      }
    },
    "@azure/core-paging": {
      "version": "1.2.0",
      "resolved": "http://repo.bison-group.com:80/artifactory/api/npm/npm-cache/@azure/core-paging/-/core-paging-1.2.0.tgz",
      "integrity": "sha1-N1TaQp6Gh73DYTx1DnmlZFgugCs=",
      "requires": {
        "@azure/core-asynciterator-polyfill": "^1.0.0",
        "tslib": "^2.2.0"
      }
    },
    "@azure/core-tracing": {
      "version": "1.0.0-preview.11",
      "resolved": "http://repo.bison-group.com:80/artifactory/api/npm/npm-cache/@azure/core-tracing/-/core-tracing-1.0.0-preview.11.tgz",
      "integrity": "sha1-vfsrpzzWw5t9bCB7lSLrmOCLTd0=",
      "requires": {
        "@opencensus/web-types": "0.0.7",
        "@opentelemetry/api": "1.0.0-rc.0",
        "tslib": "^2.0.0"
      }
    },
    "@azure/logger": {
      "version": "1.0.3",
      "resolved": "http://repo.bison-group.com:80/artifactory/api/npm/npm-cache/@azure/logger/-/logger-1.0.3.tgz",
      "integrity": "sha1-bjZwSqUb59ShuuJHMepYCDYpPJY=",
      "requires": {
        "tslib": "^2.2.0"
      }
    },
    "@azure/ms-rest-js": {
      "version": "2.6.0",
      "resolved": "http://repo.bison-group.com:80/artifactory/api/npm/npm-cache/@azure/ms-rest-js/-/ms-rest-js-2.6.0.tgz",
      "integrity": "sha1-7AbmoLcEVn6pssgESCHPRxSMWGs=",
      "requires": {
        "@azure/core-auth": "^1.1.4",
        "abort-controller": "^3.0.0",
        "form-data": "^2.5.0",
        "node-fetch": "^2.6.0",
        "tough-cookie": "^3.0.1",
        "tslib": "^1.10.0",
        "tunnel": "0.0.6",
        "uuid": "^8.3.2",
        "xml2js": "^0.4.19"
      },
      "dependencies": {
        "form-data": {
          "version": "2.5.1",
          "resolved": "http://repo.bison-group.com:80/artifactory/api/npm/npm-cache/form-data/-/form-data-2.5.1.tgz",
          "integrity": "sha1-8svsV7XlniNxbhKP5E1OXdI4lfQ=",
          "requires": {
            "asynckit": "^0.4.0",
            "combined-stream": "^1.0.6",
            "mime-types": "^2.1.12"
          }
        },
        "tough-cookie": {
          "version": "3.0.1",
          "resolved": "http://repo.bison-group.com:80/artifactory/api/npm/npm-cache/tough-cookie/-/tough-cookie-3.0.1.tgz",
          "integrity": "sha1-nfT1fnOcJpMKAYGEiH9K233Kc7I=",
          "requires": {
            "ip-regex": "^2.1.0",
            "psl": "^1.1.28",
            "punycode": "^2.1.1"
          }
        },
        "tslib": {
          "version": "1.14.1",
          "resolved": "http://repo.bison-group.com:80/artifactory/api/npm/npm-cache/tslib/-/tslib-1.14.1.tgz",
          "integrity": "sha1-zy04vcNKE0vK8QkcQfZhni9nLQA="
        }
      }
    },
    "@opencensus/web-types": {
      "version": "0.0.7",
      "resolved": "http://repo.bison-group.com:80/artifactory/api/npm/npm-cache/@opencensus/web-types/-/web-types-0.0.7.tgz",
      "integrity": "sha1-RCbeH+Wqj2JNs5XSFSuQKHTwVwo="
    },
    "@opentelemetry/api": {
      "version": "1.0.0-rc.0",
      "resolved": "http://repo.bison-group.com:80/artifactory/api/npm/npm-cache/@opentelemetry/api/-/api-1.0.0-rc.0.tgz",
      "integrity": "sha1-DHw/XhKF+ZzttWPXStGtuYIrUUQ="
    },
    "@types/node": {
      "version": "16.11.11",
      "resolved": "http://repo.bison-group.com:80/artifactory/api/npm/npm-cache/@types/node/-/node-16.11.11.tgz",
      "integrity": "sha1-bqc0Lfs3nqEhCDW62oezxRISAjQ="
    },
    "@types/node-fetch": {
      "version": "2.5.12",
      "resolved": "http://repo.bison-group.com:80/artifactory/api/npm/npm-cache/@types/node-fetch/-/node-fetch-2.5.12.tgz",
      "integrity": "sha1-im93mx1OYLelf7b9SNhPtUW5zGY=",
      "requires": {
        "@types/node": "*",
        "form-data": "^3.0.0"
      }
    },
    "@types/tunnel": {
      "version": "0.0.1",
      "resolved": "http://repo.bison-group.com:80/artifactory/api/npm/npm-cache/@types/tunnel/-/tunnel-0.0.1.tgz",
      "integrity": "sha1-DXJ3R2i3PfJvJd+RhCc6QtpysZw=",
      "requires": {
        "@types/node": "*"
      }
    },
    "abort-controller": {
      "version": "3.0.0",
      "resolved": "http://repo.bison-group.com:80/artifactory/api/npm/npm-cache/abort-controller/-/abort-controller-3.0.0.tgz",
      "integrity": "sha1-6vVNU7YrrkE46AnKIlyEOabvs5I=",
      "requires": {
        "event-target-shim": "^5.0.0"
      }
    },
    "asynckit": {
      "version": "0.4.0",
      "resolved": "http://repo.bison-group.com:80/artifactory/api/npm/npm-cache/asynckit/-/asynckit-0.4.0.tgz",
      "integrity": "sha1-x57Zf380y48robyXkLzDZkdLS3k="
    },
    "combined-stream": {
      "version": "1.0.8",
      "resolved": "http://repo.bison-group.com:80/artifactory/api/npm/npm-cache/combined-stream/-/combined-stream-1.0.8.tgz",
      "integrity": "sha1-w9RaizT9cwYxoRCoolIGgrMdWn8=",
      "requires": {
        "delayed-stream": "~1.0.0"
      }
    },
    "csv-parse": {
      "version": "5.0.3",
      "resolved": "http://repo.bison-group.com:80/artifactory/api/npm/npm-cache/csv-parse/-/csv-parse-5.0.3.tgz",
      "integrity": "sha1-7rCxrIvylw9wMXbI9U0xMyW20ug="
    },
    "delayed-stream": {
      "version": "1.0.0",
      "resolved": "http://repo.bison-group.com:80/artifactory/api/npm/npm-cache/delayed-stream/-/delayed-stream-1.0.0.tgz",
      "integrity": "sha1-3zrhmayt+31ECqrgsp4icrJOxhk="
    },
    "event-target-shim": {
      "version": "5.0.1",
      "resolved": "http://repo.bison-group.com:80/artifactory/api/npm/npm-cache/event-target-shim/-/event-target-shim-5.0.1.tgz",
      "integrity": "sha1-XU0+vflYPWOlMzzi3rdICrKwV4k="
    },
    "form-data": {
      "version": "3.0.1",
      "resolved": "http://repo.bison-group.com:80/artifactory/api/npm/npm-cache/form-data/-/form-data-3.0.1.tgz",
      "integrity": "sha1-69U3kbeDVqma+aMA1CgsTV65dV8=",
      "requires": {
        "asynckit": "^0.4.0",
        "combined-stream": "^1.0.8",
        "mime-types": "^2.1.12"
      }
    },
    "ip-regex": {
      "version": "2.1.0",
      "resolved": "http://repo.bison-group.com:80/artifactory/api/npm/npm-cache/ip-regex/-/ip-regex-2.1.0.tgz",
      "integrity": "sha1-+ni/XS5pE8kRzp+BnuUUa7bYROk="
    },
    "mime-db": {
      "version": "1.51.0",
      "resolved": "http://repo.bison-group.com:80/artifactory/api/npm/npm-cache/mime-db/-/mime-db-1.51.0.tgz",
      "integrity": "sha1-2f9iRRhZsYNC2WCFDcPPt35j+ww="
    },
    "mime-types": {
      "version": "2.1.34",
      "resolved": "http://repo.bison-group.com:80/artifactory/api/npm/npm-cache/mime-types/-/mime-types-2.1.34.tgz",
      "integrity": "sha1-WnEvnsFQNRGpRYA2QPr+CdN5PCQ=",
      "requires": {
        "mime-db": "1.51.0"
      }
    },
    "node-fetch": {
      "version": "2.6.6",
      "resolved": "http://repo.bison-group.com:80/artifactory/api/npm/npm-cache/node-fetch/-/node-fetch-2.6.6.tgz",
      "integrity": "sha1-F1GnwBg06OFpd1hzLp77burfr4k=",
      "requires": {
        "whatwg-url": "^5.0.0"
      }
    },
    "process": {
      "version": "0.11.10",
      "resolved": "http://repo.bison-group.com:80/artifactory/api/npm/npm-cache/process/-/process-0.11.10.tgz",
      "integrity": "sha1-czIwDoQBYb2j5podHZGn1LwW8YI="
    },
    "psl": {
      "version": "1.8.0",
      "resolved": "http://repo.bison-group.com:80/artifactory/api/npm/npm-cache/psl/-/psl-1.8.0.tgz",
      "integrity": "sha1-kyb4vPsBOtzABf3/BWrM4CDlHCQ="
    },
    "punycode": {
      "version": "2.1.1",
      "resolved": "http://repo.bison-group.com:80/artifactory/api/npm/npm-cache/punycode/-/punycode-2.1.1.tgz",
      "integrity": "sha1-tYsBCsQMIsVldhbI0sLALHv0eew="
    },
    "sax": {
      "version": "1.2.4",
      "resolved": "http://repo.bison-group.com:80/artifactory/api/npm/npm-cache/sax/-/sax-1.2.4.tgz",
      "integrity": "sha1-KBYjTiN4vdxOU1T6tcqold9xANk="
    },
    "tough-cookie": {
      "version": "4.0.0",
      "resolved": "http://repo.bison-group.com:80/artifactory/api/npm/npm-cache/tough-cookie/-/tough-cookie-4.0.0.tgz",
      "integrity": "sha1-2CIjTuyogvmR8PkIgkrSYi3b7OQ=",
      "requires": {
        "psl": "^1.1.33",
        "punycode": "^2.1.1",
        "universalify": "^0.1.2"
      }
    },
    "tr46": {
      "version": "0.0.3",
      "resolved": "http://repo.bison-group.com:80/artifactory/api/npm/npm-cache/tr46/-/tr46-0.0.3.tgz",
      "integrity": "sha1-gYT9NH2snNwYWZLzpmIuFLnZq2o="
    },
    "tslib": {
      "version": "2.3.1",
      "resolved": "http://repo.bison-group.com:80/artifactory/api/npm/npm-cache/tslib/-/tslib-2.3.1.tgz",
      "integrity": "sha1-6KM1rdXOrlGqJh0ypJAVjvBC7wE="
    },
    "tunnel": {
      "version": "0.0.6",
      "resolved": "http://repo.bison-group.com:80/artifactory/api/npm/npm-cache/tunnel/-/tunnel-0.0.6.tgz",
      "integrity": "sha1-cvExSzSlsZLbASMk3yzFh8pH+Sw="
    },
    "universalify": {
      "version": "0.1.2",
      "resolved": "http://repo.bison-group.com:80/artifactory/api/npm/npm-cache/universalify/-/universalify-0.1.2.tgz",
      "integrity": "sha1-tkb2m+OULavOzJ1mOcgNwQXvqmY="
    },
    "uuid": {
      "version": "8.3.2",
      "resolved": "http://repo.bison-group.com:80/artifactory/api/npm/npm-cache/uuid/-/uuid-8.3.2.tgz",
      "integrity": "sha1-gNW1ztJxu5r2xEXyGhoExgbO++I="
    },
    "webidl-conversions": {
      "version": "3.0.1",
      "resolved": "http://repo.bison-group.com:80/artifactory/api/npm/npm-cache/webidl-conversions/-/webidl-conversions-3.0.1.tgz",
      "integrity": "sha1-JFNCdeKnvGvnvIZhHMFq4KVlSHE="
    },
    "whatwg-url": {
      "version": "5.0.0",
      "resolved": "http://repo.bison-group.com:80/artifactory/api/npm/npm-cache/whatwg-url/-/whatwg-url-5.0.0.tgz",
      "integrity": "sha1-lmRU6HZUYuN2RNNib2dCzotwll0=",
      "requires": {
        "tr46": "~0.0.3",
        "webidl-conversions": "^3.0.0"
      }
    },
    "xml2js": {
      "version": "0.4.23",
      "resolved": "http://repo.bison-group.com:80/artifactory/api/npm/npm-cache/xml2js/-/xml2js-0.4.23.tgz",
      "integrity": "sha1-oMaVFnUkIesqx1juTUzPWIQ+rGY=",
      "requires": {
        "sax": ">=0.6.0",
        "xmlbuilder": "~11.0.0"
      }
    },
    "xmlbuilder": {
      "version": "11.0.1",
      "resolved": "http://repo.bison-group.com:80/artifactory/api/npm/npm-cache/xmlbuilder/-/xmlbuilder-11.0.1.tgz",
      "integrity": "sha1-vpuuHIoEbnazESdyY0fQrXACvrM="
    }
  }
}
